
Microsoft Visual Studio Solution File, Format Version 12.00
# Visual Studio 2012
Project("{8BC9CEB8-8B4A-11D0-8D11-00A0C91BC942}") = "Demo1", "Demo1\Demo1.vcxproj", "{91D0996F-6E7D-470E-9EBA-ADDC2DF3F3B9}"
EndProject
Project("{8BC9CEB8-8B4A-11D0-8D11-00A0C91BC942}") = "GLTools", "GLTools\GLTools.vcxproj", "{B7A851C1-3282-4F2B-9D1A-2FBDC5351B7A}"
EndProject
Project("{8BC9CEB8-8B4A-11D0-8D11-00A0C91BC942}") = "Primitieves", "Primitieves\Primitieves.vcxproj", "{4117C891-5CB3-428A-837A-4037305FD8EB}"
EndProject
Project("{8BC9CEB8-8B4A-11D0-8D11-00A0C91BC942}") = "GeoTest", "GeoTest\GeoTest.vcxproj", "{2DDCC6B4-B463-46F0-B439-CE705CD42E1B}"
EndProject
Project("{8BC9CEB8-8B4A-11D0-8D11-00A0C91BC942}") = "Smoother", "Smoother\Smoother.vcxproj", "{2E7323CD-E3A6-4D6E-AB2E-41ACA19D9CC7}"
EndProject
Project("{8BC9CEB8-8B4A-11D0-8D11-00A0C91BC942}") = "Orthographic", "Orthographic\Orthographic.vcxproj", "{1C7F494C-5EA6-4835-8A2F-518FD35EFB46}"
EndProject
Project("{8BC9CEB8-8B4A-11D0-8D11-00A0C91BC942}") = "Perspective", "Perspective\Perspective.vcxproj", "{84A765B5-B902-4342-B4F3-B16CA691DBA5}"
EndProject
Project("{8BC9CEB8-8B4A-11D0-8D11-00A0C91BC942}") = "ModelViewProjection", "ModelViewProjection\ModelViewProjection.vcxproj", "{812AEEA9-9973-47B7-BC43-B55BD399912D}"
EndProject
Project("{8BC9CEB8-8B4A-11D0-8D11-00A0C91BC942}") = "Sphereworld4", "Sphereworld4\Sphereworld4.vcxproj", "{65F68ECF-39F7-4329-B726-532BD338D13D}"
EndProject
Project("{8BC9CEB8-8B4A-11D0-8D11-00A0C91BC942}") = "Demo2", "Demo2\Demo2.vcxproj", "{BF20A640-2AFD-4D25-A2BB-8386E568AF3B}"
EndProject
Global
	GlobalSection(SolutionConfigurationPlatforms) = preSolution
		Debug|Win32 = Debug|Win32
		Release|Win32 = Release|Win32
	EndGlobalSection
	GlobalSection(ProjectConfigurationPlatforms) = postSolution
		{91D0996F-6E7D-470E-9EBA-ADDC2DF3F3B9}.Debug|Win32.ActiveCfg = Debug|Win32
		{91D0996F-6E7D-470E-9EBA-ADDC2DF3F3B9}.Debug|Win32.Build.0 = Debug|Win32
		{91D0996F-6E7D-470E-9EBA-ADDC2DF3F3B9}.Release|Win32.ActiveCfg = Release|Win32
		{91D0996F-6E7D-470E-9EBA-ADDC2DF3F3B9}.Release|Win32.Build.0 = Release|Win32
		{B7A851C1-3282-4F2B-9D1A-2FBDC5351B7A}.Debug|Win32.ActiveCfg = Debug|Win32
		{B7A851C1-3282-4F2B-9D1A-2FBDC5351B7A}.Debug|Win32.Build.0 = Debug|Win32
		{B7A851C1-3282-4F2B-9D1A-2FBDC5351B7A}.Release|Win32.ActiveCfg = Release|Win32
		{B7A851C1-3282-4F2B-9D1A-2FBDC5351B7A}.Release|Win32.Build.0 = Release|Win32
		{4117C891-5CB3-428A-837A-4037305FD8EB}.Debug|Win32.ActiveCfg = Debug|Win32
		{4117C891-5CB3-428A-837A-4037305FD8EB}.Debug|Win32.Build.0 = Debug|Win32
		{4117C891-5CB3-428A-837A-4037305FD8EB}.Release|Win32.ActiveCfg = Release|Win32
		{4117C891-5CB3-428A-837A-4037305FD8EB}.Release|Win32.Build.0 = Release|Win32
		{2DDCC6B4-B463-46F0-B439-CE705CD42E1B}.Debug|Win32.ActiveCfg = Debug|Win32
		{2DDCC6B4-B463-46F0-B439-CE705CD42E1B}.Debug|Win32.Build.0 = Debug|Win32
		{2DDCC6B4-B463-46F0-B439-CE705CD42E1B}.Release|Win32.ActiveCfg = Release|Win32
		{2DDCC6B4-B463-46F0-B439-CE705CD42E1B}.Release|Win32.Build.0 = Release|Win32
		{2E7323CD-E3A6-4D6E-AB2E-41ACA19D9CC7}.Debug|Win32.ActiveCfg = Debug|Win32
		{2E7323CD-E3A6-4D6E-AB2E-41ACA19D9CC7}.Debug|Win32.Build.0 = Debug|Win32
		{2E7323CD-E3A6-4D6E-AB2E-41ACA19D9CC7}.Release|Win32.ActiveCfg = Release|Win32
		{2E7323CD-E3A6-4D6E-AB2E-41ACA19D9CC7}.Release|Win32.Build.0 = Release|Win32
		{1C7F494C-5EA6-4835-8A2F-518FD35EFB46}.Debug|Win32.ActiveCfg = Debug|Win32
		{1C7F494C-5EA6-4835-8A2F-518FD35EFB46}.Debug|Win32.Build.0 = Debug|Win32
		{1C7F494C-5EA6-4835-8A2F-518FD35EFB46}.Release|Win32.ActiveCfg = Release|Win32
		{1C7F494C-5EA6-4835-8A2F-518FD35EFB46}.Release|Win32.Build.0 = Release|Win32
		{84A765B5-B902-4342-B4F3-B16CA691DBA5}.Debug|Win32.ActiveCfg = Debug|Win32
		{84A765B5-B902-4342-B4F3-B16CA691DBA5}.Debug|Win32.Build.0 = Debug|Win32
		{84A765B5-B902-4342-B4F3-B16CA691DBA5}.Release|Win32.ActiveCfg = Release|Win32
		{84A765B5-B902-4342-B4F3-B16CA691DBA5}.Release|Win32.Build.0 = Release|Win32
		{812AEEA9-9973-47B7-BC43-B55BD399912D}.Debug|Win32.ActiveCfg = Debug|Win32
		{812AEEA9-9973-47B7-BC43-B55BD399912D}.Debug|Win32.Build.0 = Debug|Win32
		{812AEEA9-9973-47B7-BC43-B55BD399912D}.Release|Win32.ActiveCfg = Release|Win32
		{812AEEA9-9973-47B7-BC43-B55BD399912D}.Release|Win32.Build.0 = Release|Win32
		{65F68ECF-39F7-4329-B726-532BD338D13D}.Debug|Win32.ActiveCfg = Debug|Win32
		{65F68ECF-39F7-4329-B726-532BD338D13D}.Debug|Win32.Build.0 = Debug|Win32
		{65F68ECF-39F7-4329-B726-532BD338D13D}.Release|Win32.ActiveCfg = Release|Win32
		{65F68ECF-39F7-4329-B726-532BD338D13D}.Release|Win32.Build.0 = Release|Win32
		{BF20A640-2AFD-4D25-A2BB-8386E568AF3B}.Debug|Win32.ActiveCfg = Debug|Win32
		{BF20A640-2AFD-4D25-A2BB-8386E568AF3B}.Debug|Win32.Build.0 = Debug|Win32
		{BF20A640-2AFD-4D25-A2BB-8386E568AF3B}.Release|Win32.ActiveCfg = Release|Win32
		{BF20A640-2AFD-4D25-A2BB-8386E568AF3B}.Release|Win32.Build.0 = Release|Win32
	EndGlobalSection
	GlobalSection(SolutionProperties) = preSolution
		HideSolutionNode = FALSE
	EndGlobalSection
EndGlobal
